Microsoft Visual Studio Solution File, Format Version 12.00
# Visual Studio Version 17
VisualStudioVersion = 17.5.2.0
MinimumVisualStudioVersion = 10.0.40219.1
Project("{FAE04EC0-301F-11D3-BF4B-00C04F79EFBC}") = "CollegeBasketballSimulator", "CollegeBasketballSimulator.csproj", "{0DBB6946-4960-27A3-6A3C-969BFD161C8A}"
EndProject
Global
	GlobalSection(SolutionConfigurationPlatforms) = preSolution
		Debug|Any CPU = Debug|Any CPU
		Release|Any CPU = Release|Any CPU
	EndGlobalSection
	GlobalSection(ProjectConfigurationPlatforms) = postSolution
		{0DBB6946-4960-27A3-6A3C-969BFD161C8A}.Debug|Any CPU.ActiveCfg = Debug|Any CPU
		{0DBB6946-4960-27A3-6A3C-969BFD161C8A}.Debug|Any CPU.Build.0 = Debug|Any CPU
		{0DBB6946-4960-27A3-6A3C-969BFD161C8A}.Release|Any CPU.ActiveCfg = Release|Any CPU
		{0DBB6946-4960-27A3-6A3C-969BFD161C8A}.Release|Any CPU.Build.0 = Release|Any CPU
	EndGlobalSection
	GlobalSection(SolutionProperties) = preSolution
		HideSolutionNode = FALSE
	EndGlobalSection
	GlobalSection(ExtensibilityGlobals) = postSolution
		SolutionGuid = {B04FBAAC-D6C3-458C-8BF4-161A875D3832}
	EndGlobalSection
EndGlobal
